
Microsoft Visual Studio Solution File, Format Version 12.00
# Visual Studio Version 16
VisualStudioVersion = 16.0.30320.27
MinimumVisualStudioVersion = 10.0.40219.1
Project("{9092AA53-FB77-4645-B42D-1CCCA6BD08BD}") = "EmployeeWage", "EmployeeWage\EmployeeWage.njsproj", "{30DADFC7-F875-4AD7-9061-E2682BE1F13E}"
EndProject
Global
	GlobalSection(SolutionConfigurationPlatforms) = preSolution
		Debug|Any CPU = Debug|Any CPU
		Release|Any CPU = Release|Any CPU
	EndGlobalSection
	GlobalSection(ProjectConfigurationPlatforms) = postSolution
		{30DADFC7-F875-4AD7-9061-E2682BE1F13E}.Debug|Any CPU.ActiveCfg = Debug|Any CPU
		{30DADFC7-F875-4AD7-9061-E2682BE1F13E}.Debug|Any CPU.Build.0 = Debug|Any CPU
		{30DADFC7-F875-4AD7-9061-E2682BE1F13E}.Release|Any CPU.ActiveCfg = Release|Any CPU
		{30DADFC7-F875-4AD7-9061-E2682BE1F13E}.Release|Any CPU.Build.0 = Release|Any CPU
	EndGlobalSection
	GlobalSection(SolutionProperties) = preSolution
		HideSolutionNode = FALSE
	EndGlobalSection
	GlobalSection(ExtensibilityGlobals) = postSolution
		SolutionGuid = {6F5BD83B-E3AE-48F6-BD1B-0D71746B7156}
	EndGlobalSection
EndGlobal
